// !$*UTF8*$!
{
	archiveVersion = 1;
	classes = {
	};
	objectVersion = 46;
	objects = {

/* Begin PBXBuildFile section */
		C1B965BA22BC54D055F824EA /* SceneDelegate.swift in Sources */ = {isa = PBXBuildFile; fileRef = C1B96A71556242C3379FDB35 /* SceneDelegate.swift */; };
		C1B9699874F20834A030FFC9 /* Assets.xcassets in Resources */ = {isa = PBXBuildFile; fileRef = C1B96B7EE7194D5CE9CD434D /* Assets.xcassets */; };
		C1B96BDF18C2F126AAD60533 /* AppDelegate.swift in Sources */ = {isa = PBXBuildFile; fileRef = C1B9697A434B741CB60A641A /* AppDelegate.swift */; };
		C1B96BF1D5E8FEBF204B7F70 /* ContentView.swift in Sources */ = {isa = PBXBuildFile; fileRef = C1B96E530DFDAAA3D3669120 /* ContentView.swift */; };
		C1B96D36B400A1384876BF09 /* Preview Assets.xcassets in Resources */ = {isa = PBXBuildFile; fileRef = C1B9677D316A411A27240A58 /* Preview Assets.xcassets */; };
		C1B96F5ACE55568377C8809B /* LaunchScreen.storyboard in Resources */ = {isa = PBXBuildFile; fileRef = C1B96A0C06F9F8DA6374789E /* LaunchScreen.storyboard */; };
/* End PBXBuildFile section */

/* Begin PBXFileReference section */
		C1B962A92E3FA9AAEFE86511 /* Base */ = {isa = PBXFileReference; lastKnownFileType = file.storyboard; name = Base; path = Base.lproj/LaunchScreen.storyboard; sourceTree = "<group>"; };
		C1B9672927CF3023E0653287 /* FirstProjectSwiftUi.app */ = {isa = PBXFileReference; explicitFileType = wrapper.application; includeInIndex = 0; path = FirstProjectSwiftUi.app; sourceTree = BUILT_PRODUCTS_DIR; };
		C1B9677D316A411A27240A58 /* Preview Assets.xcassets */ = {isa = PBXFileReference; lastKnownFileType = folder.assetcatalog; path = "Preview Assets.xcassets"; sourceTree = "<group>"; };
		C1B9697A434B741CB60A641A /* AppDelegate.swift */ = {isa = PBXFileReference; lastKnownFileType = sourcecode.swift; path = AppDelegate.swift; sourceTree = "<group>"; };
		C1B96A71556242C3379FDB35 /* SceneDelegate.swift */ = {isa = PBXFileReference; lastKnownFileType = sourcecode.swift; path = SceneDelegate.swift; sourceTree = "<group>"; };
		C1B96B10A5CB39269D695973 /* Info.plist */ = {isa = PBXFileReference; lastKnownFileType = text.plist.info; path = Info.plist; sourceTree = "<group>"; };
		C1B96B7EE7194D5CE9CD434D /* Assets.xcassets */ = {isa = PBXFileReference; lastKnownFileType = folder.assetcatalog; path = Assets.xcassets; sourceTree = "<group>"; };
		C1B96E530DFDAAA3D3669120 /* ContentView.swift */ = {isa = PBXFileReference; lastKnownFileType = sourcecode.swift; path = ContentView.swift; sourceTree = "<group>"; };
/* End PBXFileReference section */

/* Begin PBXFrameworksBuildPhase section */
		C1B9642E0337F0AAFCAD299B /* Frameworks */ = {
			isa = PBXFrameworksBuildPhase;
			buildActionMask = 2147483647;
			files = (
			);
			runOnlyForDeploymentPostprocessing = 0;
		};
/* End PBXFrameworksBuildPhase section */

/* Begin PBXGroup section */
		C1B960457CD3F0AFA20DE0CE /* Products */ = {
			isa = PBXGroup;
			children = (
				C1B9672927CF3023E0653287 /* FirstProjectSwiftUi.app */,
			);
			name = Products;
			sourceTree = "<group>";
		};
		C1B962FF5F83FA2714CD8247 = {
			isa = PBXGroup;
			children = (
				C1B960457CD3F0AFA20DE0CE /* Products */,
				C1B96877FC89C8AD6DE6375A /* FirstProjectSwiftUi */,
			);
			sourceTree = "<group>";
		};
		C1B96877FC89C8AD6DE6375A /* FirstProjectSwiftUi */ = {
			isa = PBXGroup;
			children = (
				C1B96B10A5CB39269D695973 /* Info.plist */,
				C1B96B7EE7194D5CE9CD434D /* Assets.xcassets */,
				C1B96A0C06F9F8DA6374789E /* LaunchScreen.storyboard */,
				C1B9697A434B741CB60A641A /* AppDelegate.swift */,
				C1B96A71556242C3379FDB35 /* SceneDelegate.swift */,
				C1B96E530DFDAAA3D3669120 /* ContentView.swift */,
				C1B96D9E8ACF19F767159EF5 /* Preview Content */,
			);
			path = FirstProjectSwiftUi;
			sourceTree = "<group>";
		};
		C1B96D9E8ACF19F767159EF5 /* Preview Content */ = {
			isa = PBXGroup;
			children = (
				C1B9677D316A411A27240A58 /* Preview Assets.xcassets */,
			);
			path = "Preview Content";
			sourceTree = "<group>";
		};
/* End PBXGroup section */

/* Begin PBXNativeTarget section */
		C1B968DB8F8281DF5A34654E /* FirstProjectSwiftUi */ = {
			isa = PBXNativeTarget;
			buildConfigurationList = C1B96A0F959192D61E7FCDC9 /* Build configuration list for PBXNativeTarget "FirstProjectSwiftUi" */;
			buildPhases = (
				C1B9694286A5126D9F157CEC /* Sources */,
				C1B9642E0337F0AAFCAD299B /* Frameworks */,
				C1B9689F7A19380ED3951B30 /* Resources */,
			);
			buildRules = (
			);
			dependencies = (
			);
			name = FirstProjectSwiftUi;
			productName = FirstProjectSwiftUi;
			productReference = C1B9672927CF3023E0653287 /* FirstProjectSwiftUi.app */;
			productType = "com.apple.product-type.application";
		};
/* End PBXNativeTarget section */

/* Begin PBXProject section */
		C1B96145F5AD62691069750F /* Project object */ = {
			isa = PBXProject;
			attributes = {
				ORGANIZATIONNAME = FiqriHafzain;
			};
			buildConfigurationList = C1B965C086E8241A1C907057 /* Build configuration list for PBXProject "FirstProjectSwiftUi" */;
			compatibilityVersion = "Xcode 3.2";
			developmentRegion = English;
			hasScannedForEncodings = 0;
			knownRegions = (
				English,
				en,
				Base,
			);
			mainGroup = C1B962FF5F83FA2714CD8247;
			productRefGroup = C1B960457CD3F0AFA20DE0CE /* Products */;
			projectDirPath = "";
			projectRoot = "";
			targets = (
				C1B968DB8F8281DF5A34654E /* FirstProjectSwiftUi */,
			);
		};
/* End PBXProject section */

/* Begin PBXResourcesBuildPhase section */
		C1B9689F7A19380ED3951B30 /* Resources */ = {
			isa = PBXResourcesBuildPhase;
			buildActionMask = 2147483647;
			files = (
				C1B9699874F20834A030FFC9 /* Assets.xcassets in Resources */,
				C1B96F5ACE55568377C8809B /* LaunchScreen.storyboard in Resources */,
				C1B96D36B400A1384876BF09 /* Preview Assets.xcassets in Resources */,
			);
			runOnlyForDeploymentPostprocessing = 0;
		};
/* End PBXResourcesBuildPhase section */

/* Begin PBXSourcesBuildPhase section */
		C1B9694286A5126D9F157CEC /* Sources */ = {
			isa = PBXSourcesBuildPhase;
			buildActionMask = 2147483647;
			files = (
				C1B96BDF18C2F126AAD60533 /* AppDelegate.swift in Sources */,
				C1B965BA22BC54D055F824EA /* SceneDelegate.swift in Sources */,
				C1B96BF1D5E8FEBF204B7F70 /* ContentView.swift in Sources */,
			);
			runOnlyForDeploymentPostprocessing = 0;
		};
/* End PBXSourcesBuildPhase section */

/* Begin PBXVariantGroup section */
		C1B96A0C06F9F8DA6374789E /* LaunchScreen.storyboard */ = {
			isa = PBXVariantGroup;
			children = (
				C1B962A92E3FA9AAEFE86511 /* Base */,
			);
			name = LaunchScreen.storyboard;
			sourceTree = "<group>";
		};
/* End PBXVariantGroup section */

/* Begin XCBuildConfiguration section */
		C1B9665A44E2689BBE6DACD0 /* Debug */ = {
			isa = XCBuildConfiguration;
			buildSettings = {
				ALWAYS_SEARCH_USER_PATHS = NO;
				CLANG_ANALYZER_NONNULL = YES;
				CLANG_ANALYZER_NUMBER_OBJECT_CONVERSION = YES_AGGRESSIVE;
				CLANG_CXX_LANGUAGE_STANDARD = "gnu++14";
				CLANG_CXX_LIBRARY = "libc++";
				CLANG_ENABLE_MODULES = YES;
				CLANG_ENABLE_OBJC_ARC = YES;
				CLANG_ENABLE_OBJC_WEAK = YES;
				CLANG_WARN_BLOCK_CAPTURE_AUTORELEASING = YES;
				CLANG_WARN_BOOL_CONVERSION = YES;
				CLANG_WARN_COMMA = YES;
				CLANG_WARN_CONSTANT_CONVERSION = YES;
				CLANG_WARN_DEPRECATED_OBJC_IMPLEMENTATIONS = YES;
				CLANG_WARN_DIRECT_OBJC_ISA_USAGE = YES_ERROR;
				CLANG_WARN_DOCUMENTATION_COMMENTS = YES;
				CLANG_WARN_EMPTY_BODY = YES;
				CLANG_WARN_ENUM_CONVERSION = YES;
				CLANG_WARN_INFINITE_RECURSION = YES;
				CLANG_WARN_INT_CONVERSION = YES;
				CLANG_WARN_NON_LITERAL_NULL_CONVERSION = YES;
				CLANG_WARN_OBJC_IMPLICIT_RETAIN_SELF = YES;
				CLANG_WARN_OBJC_LITERAL_CONVERSION = YES;
				CLANG_WARN_OBJC_ROOT_CLASS = YES_ERROR;
				CLANG_WARN_RANGE_LOOP_ANALYSIS = YES;
				CLANG_WARN_STRICT_PROTOTYPES = YES;
				CLANG_WARN_SUSPICIOUS_MOVE = YES;
				CLANG_WARN_UNGUARDED_AVAILABILITY = YES_AGGRESSIVE;
				CLANG_WARN_UNREACHABLE_CODE = YES;
				CLANG_WARN__DUPLICATE_METHOD_MATCH = YES;
				COPY_PHASE_STRIP = NO;
				DEBUG_INFORMATION_FORMAT = dwarf;
				ENABLE_STRICT_OBJC_MSGSEND = YES;
				ENABLE_TESTABILITY = YES;
				GCC_C_LANGUAGE_STANDARD = gnu11;
				GCC_DYNAMIC_NO_PIC = NO;
				GCC_NO_COMMON_BLOCKS = YES;
				GCC_OPTIMIZATION_LEVEL = 0;
				GCC_PREPROCESSOR_DEFINITIONS = (
					"DEBUG=1",
					"$(inherited)",
				);
				GCC_WARN_64_TO_32_BIT_CONVERSION = YES;
				GCC_WARN_ABOUT_RETURN_TYPE = YES_ERROR;
				GCC_WARN_UNDECLARED_SELECTOR = YES;
				GCC_WARN_UNINITIALIZED_AUTOS = YES_AGGRESSIVE;
				GCC_WARN_UNUSED_FUNCTION = YES;
				GCC_WARN_UNUSED_VARIABLE = YES;
				IPHONEOS_DEPLOYMENT_TARGET = 13.2;
				MTL_ENABLE_DEBUG_INFO = INCLUDE_SOURCE;
				MTL_FAST_MATH = YES;
				ONLY_ACTIVE_ARCH = YES;
				SDKROOT = iphoneos;
				SWIFT_ACTIVE_COMPILATION_CONDITIONS = DEBUG;
				SWIFT_OPTIMIZATION_LEVEL = "-Onone";
			};
			name = Debug;
		};
		C1B96837759A9ABFBECFDB76 /* Debug */ = {
			isa = XCBuildConfiguration;
			buildSettings = {
				ASSETCATALOG_COMPILER_APPICON_NAME = AppIcon;
				DEVELOPMENT_ASSET_PATHS = "\"FirstProjectSwiftUi/Preview Content\"";
				ENABLE_PREVIEWS = YES;
				INFOPLIST_FILE = FirstProjectSwiftUi/Info.plist;
				LD_RUNPATH_SEARCH_PATHS = "$(inherited) @executable_path/Frameworks";
				PRODUCT_BUNDLE_IDENTIFIER = com.hightech.FirstProjectSwiftUi;
				PRODUCT_NAME = "$(TARGET_NAME)";
				SWIFT_VERSION = 5.0;
				TARGETED_DEVICE_FAMILY = "1,2";
			};
			name = Debug;
		};
		C1B96C581C059D3856F9EF37 /* Release */ = {
			isa = XCBuildConfiguration;
			buildSettings = {
				ASSETCATALOG_COMPILER_APPICON_NAME = AppIcon;
				DEVELOPMENT_ASSET_PATHS = "\"FirstProjectSwiftUi/Preview Content\"";
				ENABLE_PREVIEWS = YES;
				INFOPLIST_FILE = FirstProjectSwiftUi/Info.plist;
				LD_RUNPATH_SEARCH_PATHS = "$(inherited) @executable_path/Frameworks";
				PRODUCT_BUNDLE_IDENTIFIER = com.hightech.FirstProjectSwiftUi;
				PRODUCT_NAME = "$(TARGET_NAME)";
				SWIFT_VERSION = 5.0;
				TARGETED_DEVICE_FAMILY = "1,2";
			};
			name = Release;
		};
		C1B96D28A1C76C7371D63880 /* Release */ = {
			isa = XCBuildConfiguration;
			buildSettings = {
				ALWAYS_SEARCH_USER_PATHS = NO;
				CLANG_ANALYZER_NONNULL = YES;
				CLANG_ANALYZER_NUMBER_OBJECT_CONVERSION = YES_AGGRESSIVE;
				CLANG_CXX_LANGUAGE_STANDARD = "gnu++14";
				CLANG_CXX_LIBRARY = "libc++";
				CLANG_ENABLE_MODULES = YES;
				CLANG_ENABLE_OBJC_ARC = YES;
				CLANG_ENABLE_OBJC_WEAK = YES;
				CLANG_WARN_BLOCK_CAPTURE_AUTORELEASING = YES;
				CLANG_WARN_BOOL_CONVERSION = YES;
				CLANG_WARN_COMMA = YES;
				CLANG_WARN_CONSTANT_CONVERSION = YES;
				CLANG_WARN_DEPRECATED_OBJC_IMPLEMENTATIONS = YES;
				CLANG_WARN_DIRECT_OBJC_ISA_USAGE = YES_ERROR;
				CLANG_WARN_DOCUMENTATION_COMMENTS = YES;
				CLANG_WARN_EMPTY_BODY = YES;
				CLANG_WARN_ENUM_CONVERSION = YES;
				CLANG_WARN_INFINITE_RECURSION = YES;
				CLANG_WARN_INT_CONVERSION = YES;
				CLANG_WARN_NON_LITERAL_NULL_CONVERSION = YES;
				CLANG_WARN_OBJC_IMPLICIT_RETAIN_SELF = YES;
				CLANG_WARN_OBJC_LITERAL_CONVERSION = YES;
				CLANG_WARN_OBJC_ROOT_CLASS = YES_ERROR;
				CLANG_WARN_RANGE_LOOP_ANALYSIS = YES;
				CLANG_WARN_STRICT_PROTOTYPES = YES;
				CLANG_WARN_SUSPICIOUS_MOVE = YES;
				CLANG_WARN_UNGUARDED_AVAILABILITY = YES_AGGRESSIVE;
				CLANG_WARN_UNREACHABLE_CODE = YES;
				CLANG_WARN__DUPLICATE_METHOD_MATCH = YES;
				COPY_PHASE_STRIP = NO;
				DEBUG_INFORMATION_FORMAT = "dwarf-with-dsym";
				ENABLE_NS_ASSERTIONS = NO;
				ENABLE_STRICT_OBJC_MSGSEND = YES;
				GCC_C_LANGUAGE_STANDARD = gnu11;
				GCC_NO_COMMON_BLOCKS = YES;
				GCC_WARN_64_TO_32_BIT_CONVERSION = YES;
				GCC_WARN_ABOUT_RETURN_TYPE = YES_ERROR;
				GCC_WARN_UNDECLARED_SELECTOR = YES;
				GCC_WARN_UNINITIALIZED_AUTOS = YES_AGGRESSIVE;
				GCC_WARN_UNUSED_FUNCTION = YES;
				GCC_WARN_UNUSED_VARIABLE = YES;
				IPHONEOS_DEPLOYMENT_TARGET = 13.2;
				MTL_ENABLE_DEBUG_INFO = NO;
				MTL_FAST_MATH = YES;
				SDKROOT = iphoneos;
				SWIFT_OPTIMIZATION_LEVEL = "-Owholemodule";
				VALIDATE_PRODUCT = YES;
			};
			name = Release;
		};
/* End XCBuildConfiguration section */

/* Begin XCConfigurationList section */
		C1B965C086E8241A1C907057 /* Build configuration list for PBXProject "FirstProjectSwiftUi" */ = {
			isa = XCConfigurationList;
			buildConfigurations = (
				C1B9665A44E2689BBE6DACD0 /* Debug */,
				C1B96D28A1C76C7371D63880 /* Release */,
			);
			defaultConfigurationIsVisible = 0;
			defaultConfigurationName = Release;
		};
		C1B96A0F959192D61E7FCDC9 /* Build configuration list for PBXNativeTarget "FirstProjectSwiftUi" */ = {
			isa = XCConfigurationList;
			buildConfigurations = (
				C1B96837759A9ABFBECFDB76 /* Debug */,
				C1B96C581C059D3856F9EF37 /* Release */,
			);
			defaultConfigurationIsVisible = 0;
			defaultConfigurationName = Release;
		};
/* End XCConfigurationList section */
	};
	rootObject = C1B96145F5AD62691069750F /* Project object */;
}
