<?xml version="1.0" encoding="UTF-8"?>
<Scheme
   version = "1.3">
   <BuildAction>
      <BuildActionEntries>
         <BuildActionEntry
            buildForRunning = "YES">
            <BuildableReference
               BuildableIdentifier = "primary"
               BlueprintIdentifier = "C1B968DB8F8281DF5A34654E"
               BuildableName = "FirstProjectSwiftUi.app"
               BlueprintName = "FirstProjectSwiftUi"
               ReferencedContainer = "container:FirstProjectSwiftUi.xcodeproj">
            </BuildableReference>
         </BuildActionEntry>
      </BuildActionEntries>
   </BuildAction>
   <LaunchAction
      useCustomWorkingDirectory = "NO"
      buildConfiguration = "Debug"
      allowLocationSimulation = "YES">
      <BuildableProductRunnable>
         <BuildableReference
            BuildableIdentifier = "primary"
            BlueprintIdentifier = "C1B968DB8F8281DF5A34654E"
            BuildableName = "FirstProjectSwiftUi.app"
            BlueprintName = "FirstProjectSwiftUi"
            ReferencedContainer = "container:FirstProjectSwiftUi.xcodeproj">
         </BuildableReference>
      </BuildableProductRunnable>
   </LaunchAction>
</Scheme>
